
Microsoft Visual Studio Solution File, Format Version 12.00
# Visual Studio 15
VisualStudioVersion = 15.0.28307.779
MinimumVisualStudioVersion = 10.0.40219.1
Project("{FAE04EC0-301F-11D3-BF4B-00C04F79EFBC}") = "AppRankingGatos.Android", "AppRankingGatos\AppRankingGatos.Android\AppRankingGatos.Android.csproj", "{9D51599A-6A9D-4C82-AE82-96551954C03E}"
EndProject
Project("{FAE04EC0-301F-11D3-BF4B-00C04F79EFBC}") = "AppRankingGatos.iOS", "AppRankingGatos\AppRankingGatos.iOS\AppRankingGatos.iOS.csproj", "{D51005BA-B798-4D8C-9BE6-49A92BDE8793}"
EndProject
Project("{FAE04EC0-301F-11D3-BF4B-00C04F79EFBC}") = "AppRankingGatos", "AppRankingGatos\AppRankingGatos\AppRankingGatos.csproj", "{C5D46DEB-E5EE-4734-B550-76BCD355D90F}"
EndProject
Global
	GlobalSection(SolutionConfigurationPlatforms) = preSolution
		Ad-Hoc|Any CPU = Ad-Hoc|Any CPU
		Ad-Hoc|iPhone = Ad-Hoc|iPhone
		Ad-Hoc|iPhoneSimulator = Ad-Hoc|iPhoneSimulator
		AppStore|Any CPU = AppStore|Any CPU
		AppStore|iPhone = AppStore|iPhone
		AppStore|iPhoneSimulator = AppStore|iPhoneSimulator
		Debug|Any CPU = Debug|Any CPU
		Debug|iPhone = Debug|iPhone
		Debug|iPhoneSimulator = Debug|iPhoneSimulator
		Release|Any CPU = Release|Any CPU
		Release|iPhone = Release|iPhone
		Release|iPhoneSimulator = Release|iPhoneSimulator
	EndGlobalSection
	GlobalSection(ProjectConfigurationPlatforms) = postSolution
		{9D51599A-6A9D-4C82-AE82-96551954C03E}.Ad-Hoc|Any CPU.ActiveCfg = Release|Any CPU
		{9D51599A-6A9D-4C82-AE82-96551954C03E}.Ad-Hoc|Any CPU.Build.0 = Release|Any CPU
		{9D51599A-6A9D-4C82-AE82-96551954C03E}.Ad-Hoc|Any CPU.Deploy.0 = Release|Any CPU
		{9D51599A-6A9D-4C82-AE82-96551954C03E}.Ad-Hoc|iPhone.ActiveCfg = Release|Any CPU
		{9D51599A-6A9D-4C82-AE82-96551954C03E}.Ad-Hoc|iPhone.Build.0 = Release|Any CPU
		{9D51599A-6A9D-4C82-AE82-96551954C03E}.Ad-Hoc|iPhone.Deploy.0 = Release|Any CPU
		{9D51599A-6A9D-4C82-AE82-96551954C03E}.Ad-Hoc|iPhoneSimulator.ActiveCfg = Release|Any CPU
		{9D51599A-6A9D-4C82-AE82-96551954C03E}.Ad-Hoc|iPhoneSimulator.Build.0 = Release|Any CPU
		{9D51599A-6A9D-4C82-AE82-96551954C03E}.Ad-Hoc|iPhoneSimulator.Deploy.0 = Release|Any CPU
		{9D51599A-6A9D-4C82-AE82-96551954C03E}.AppStore|Any CPU.ActiveCfg = Release|Any CPU
		{9D51599A-6A9D-4C82-AE82-96551954C03E}.AppStore|Any CPU.Build.0 = Release|Any CPU
		{9D51599A-6A9D-4C82-AE82-96551954C03E}.AppStore|Any CPU.Deploy.0 = Release|Any CPU
		{9D51599A-6A9D-4C82-AE82-96551954C03E}.AppStore|iPhone.ActiveCfg = Release|Any CPU
		{9D51599A-6A9D-4C82-AE82-96551954C03E}.AppStore|iPhone.Build.0 = Release|Any CPU
		{9D51599A-6A9D-4C82-AE82-96551954C03E}.AppStore|iPhone.Deploy.0 = Release|Any CPU
		{9D51599A-6A9D-4C82-AE82-96551954C03E}.AppStore|iPhoneSimulator.ActiveCfg = Release|Any CPU
		{9D51599A-6A9D-4C82-AE82-96551954C03E}.AppStore|iPhoneSimulator.Build.0 = Release|Any CPU
		{9D51599A-6A9D-4C82-AE82-96551954C03E}.AppStore|iPhoneSimulator.Deploy.0 = Release|Any CPU
		{9D51599A-6A9D-4C82-AE82-96551954C03E}.Debug|Any CPU.ActiveCfg = Debug|Any CPU
		{9D51599A-6A9D-4C82-AE82-96551954C03E}.Debug|Any CPU.Build.0 = Debug|Any CPU
		{9D51599A-6A9D-4C82-AE82-96551954C03E}.Debug|Any CPU.Deploy.0 = Debug|Any CPU
		{9D51599A-6A9D-4C82-AE82-96551954C03E}.Debug|iPhone.ActiveCfg = Debug|Any CPU
		{9D51599A-6A9D-4C82-AE82-96551954C03E}.Debug|iPhone.Build.0 = Debug|Any CPU
		{9D51599A-6A9D-4C82-AE82-96551954C03E}.Debug|iPhone.Deploy.0 = Debug|Any CPU
		{9D51599A-6A9D-4C82-AE82-96551954C03E}.Debug|iPhoneSimulator.ActiveCfg = Debug|Any CPU
		{9D51599A-6A9D-4C82-AE82-96551954C03E}.Debug|iPhoneSimulator.Build.0 = Debug|Any CPU
		{9D51599A-6A9D-4C82-AE82-96551954C03E}.Debug|iPhoneSimulator.Deploy.0 = Debug|Any CPU
		{9D51599A-6A9D-4C82-AE82-96551954C03E}.Release|Any CPU.ActiveCfg = Release|Any CPU
		{9D51599A-6A9D-4C82-AE82-96551954C03E}.Release|Any CPU.Build.0 = Release|Any CPU
		{9D51599A-6A9D-4C82-AE82-96551954C03E}.Release|Any CPU.Deploy.0 = Release|Any CPU
		{9D51599A-6A9D-4C82-AE82-96551954C03E}.Release|iPhone.ActiveCfg = Release|Any CPU
		{9D51599A-6A9D-4C82-AE82-96551954C03E}.Release|iPhone.Build.0 = Release|Any CPU
		{9D51599A-6A9D-4C82-AE82-96551954C03E}.Release|iPhone.Deploy.0 = Release|Any CPU
		{9D51599A-6A9D-4C82-AE82-96551954C03E}.Release|iPhoneSimulator.ActiveCfg = Release|Any CPU
		{9D51599A-6A9D-4C82-AE82-96551954C03E}.Release|iPhoneSimulator.Build.0 = Release|Any CPU
		{9D51599A-6A9D-4C82-AE82-96551954C03E}.Release|iPhoneSimulator.Deploy.0 = Release|Any CPU
		{D51005BA-B798-4D8C-9BE6-49A92BDE8793}.Ad-Hoc|Any CPU.ActiveCfg = Ad-Hoc|iPhone
		{D51005BA-B798-4D8C-9BE6-49A92BDE8793}.Ad-Hoc|Any CPU.Build.0 = Ad-Hoc|iPhone
		{D51005BA-B798-4D8C-9BE6-49A92BDE8793}.Ad-Hoc|Any CPU.Deploy.0 = Ad-Hoc|iPhone
		{D51005BA-B798-4D8C-9BE6-49A92BDE8793}.Ad-Hoc|iPhone.ActiveCfg = Ad-Hoc|iPhone
		{D51005BA-B798-4D8C-9BE6-49A92BDE8793}.Ad-Hoc|iPhone.Build.0 = Ad-Hoc|iPhone
		{D51005BA-B798-4D8C-9BE6-49A92BDE8793}.Ad-Hoc|iPhone.Deploy.0 = Ad-Hoc|iPhone
		{D51005BA-B798-4D8C-9BE6-49A92BDE8793}.Ad-Hoc|iPhoneSimulator.ActiveCfg = Ad-Hoc|iPhoneSimulator
		{D51005BA-B798-4D8C-9BE6-49A92BDE8793}.Ad-Hoc|iPhoneSimulator.Build.0 = Ad-Hoc|iPhoneSimulator
		{D51005BA-B798-4D8C-9BE6-49A92BDE8793}.Ad-Hoc|iPhoneSimulator.Deploy.0 = Ad-Hoc|iPhoneSimulator
		{D51005BA-B798-4D8C-9BE6-49A92BDE8793}.AppStore|Any CPU.ActiveCfg = AppStore|iPhone
		{D51005BA-B798-4D8C-9BE6-49A92BDE8793}.AppStore|Any CPU.Build.0 = AppStore|iPhone
		{D51005BA-B798-4D8C-9BE6-49A92BDE8793}.AppStore|Any CPU.Deploy.0 = AppStore|iPhone
		{D51005BA-B798-4D8C-9BE6-49A92BDE8793}.AppStore|iPhone.ActiveCfg = AppStore|iPhone
		{D51005BA-B798-4D8C-9BE6-49A92BDE8793}.AppStore|iPhone.Build.0 = AppStore|iPhone
		{D51005BA-B798-4D8C-9BE6-49A92BDE8793}.AppStore|iPhone.Deploy.0 = AppStore|iPhone
		{D51005BA-B798-4D8C-9BE6-49A92BDE8793}.AppStore|iPhoneSimulator.ActiveCfg = AppStore|iPhoneSimulator
		{D51005BA-B798-4D8C-9BE6-49A92BDE8793}.AppStore|iPhoneSimulator.Build.0 = AppStore|iPhoneSimulator
		{D51005BA-B798-4D8C-9BE6-49A92BDE8793}.AppStore|iPhoneSimulator.Deploy.0 = AppStore|iPhoneSimulator
		{D51005BA-B798-4D8C-9BE6-49A92BDE8793}.Debug|Any CPU.ActiveCfg = Debug|iPhoneSimulator
		{D51005BA-B798-4D8C-9BE6-49A92BDE8793}.Debug|Any CPU.Build.0 = Debug|iPhoneSimulator
		{D51005BA-B798-4D8C-9BE6-49A92BDE8793}.Debug|Any CPU.Deploy.0 = Debug|iPhoneSimulator
		{D51005BA-B798-4D8C-9BE6-49A92BDE8793}.Debug|iPhone.ActiveCfg = Debug|iPhone
		{D51005BA-B798-4D8C-9BE6-49A92BDE8793}.Debug|iPhone.Build.0 = Debug|iPhone
		{D51005BA-B798-4D8C-9BE6-49A92BDE8793}.Debug|iPhone.Deploy.0 = Debug|iPhone
		{D51005BA-B798-4D8C-9BE6-49A92BDE8793}.Debug|iPhoneSimulator.ActiveCfg = Debug|iPhoneSimulator
		{D51005BA-B798-4D8C-9BE6-49A92BDE8793}.Debug|iPhoneSimulator.Build.0 = Debug|iPhoneSimulator
		{D51005BA-B798-4D8C-9BE6-49A92BDE8793}.Debug|iPhoneSimulator.Deploy.0 = Debug|iPhoneSimulator
		{D51005BA-B798-4D8C-9BE6-49A92BDE8793}.Release|Any CPU.ActiveCfg = Release|iPhone
		{D51005BA-B798-4D8C-9BE6-49A92BDE8793}.Release|Any CPU.Build.0 = Release|iPhone
		{D51005BA-B798-4D8C-9BE6-49A92BDE8793}.Release|Any CPU.Deploy.0 = Release|iPhone
		{D51005BA-B798-4D8C-9BE6-49A92BDE8793}.Release|iPhone.ActiveCfg = Release|iPhone
		{D51005BA-B798-4D8C-9BE6-49A92BDE8793}.Release|iPhone.Build.0 = Release|iPhone
		{D51005BA-B798-4D8C-9BE6-49A92BDE8793}.Release|iPhone.Deploy.0 = Release|iPhone
		{D51005BA-B798-4D8C-9BE6-49A92BDE8793}.Release|iPhoneSimulator.ActiveCfg = Release|iPhoneSimulator
		{D51005BA-B798-4D8C-9BE6-49A92BDE8793}.Release|iPhoneSimulator.Build.0 = Release|iPhoneSimulator
		{D51005BA-B798-4D8C-9BE6-49A92BDE8793}.Release|iPhoneSimulator.Deploy.0 = Release|iPhoneSimulator
		{C5D46DEB-E5EE-4734-B550-76BCD355D90F}.Ad-Hoc|Any CPU.ActiveCfg = Debug|Any CPU
		{C5D46DEB-E5EE-4734-B550-76BCD355D90F}.Ad-Hoc|Any CPU.Build.0 = Debug|Any CPU
		{C5D46DEB-E5EE-4734-B550-76BCD355D90F}.Ad-Hoc|Any CPU.Deploy.0 = Debug|Any CPU
		{C5D46DEB-E5EE-4734-B550-76BCD355D90F}.Ad-Hoc|iPhone.ActiveCfg = Debug|Any CPU
		{C5D46DEB-E5EE-4734-B550-76BCD355D90F}.Ad-Hoc|iPhone.Build.0 = Debug|Any CPU
		{C5D46DEB-E5EE-4734-B550-76BCD355D90F}.Ad-Hoc|iPhone.Deploy.0 = Debug|Any CPU
		{C5D46DEB-E5EE-4734-B550-76BCD355D90F}.Ad-Hoc|iPhoneSimulator.ActiveCfg = Debug|Any CPU
		{C5D46DEB-E5EE-4734-B550-76BCD355D90F}.Ad-Hoc|iPhoneSimulator.Build.0 = Debug|Any CPU
		{C5D46DEB-E5EE-4734-B550-76BCD355D90F}.Ad-Hoc|iPhoneSimulator.Deploy.0 = Debug|Any CPU
		{C5D46DEB-E5EE-4734-B550-76BCD355D90F}.AppStore|Any CPU.ActiveCfg = Debug|Any CPU
		{C5D46DEB-E5EE-4734-B550-76BCD355D90F}.AppStore|Any CPU.Build.0 = Debug|Any CPU
		{C5D46DEB-E5EE-4734-B550-76BCD355D90F}.AppStore|Any CPU.Deploy.0 = Debug|Any CPU
		{C5D46DEB-E5EE-4734-B550-76BCD355D90F}.AppStore|iPhone.ActiveCfg = Debug|Any CPU
		{C5D46DEB-E5EE-4734-B550-76BCD355D90F}.AppStore|iPhone.Build.0 = Debug|Any CPU
		{C5D46DEB-E5EE-4734-B550-76BCD355D90F}.AppStore|iPhone.Deploy.0 = Debug|Any CPU
		{C5D46DEB-E5EE-4734-B550-76BCD355D90F}.AppStore|iPhoneSimulator.ActiveCfg = Debug|Any CPU
		{C5D46DEB-E5EE-4734-B550-76BCD355D90F}.AppStore|iPhoneSimulator.Build.0 = Debug|Any CPU
		{C5D46DEB-E5EE-4734-B550-76BCD355D90F}.AppStore|iPhoneSimulator.Deploy.0 = Debug|Any CPU
		{C5D46DEB-E5EE-4734-B550-76BCD355D90F}.Debug|Any CPU.ActiveCfg = Debug|Any CPU
		{C5D46DEB-E5EE-4734-B550-76BCD355D90F}.Debug|Any CPU.Build.0 = Debug|Any CPU
		{C5D46DEB-E5EE-4734-B550-76BCD355D90F}.Debug|Any CPU.Deploy.0 = Debug|Any CPU
		{C5D46DEB-E5EE-4734-B550-76BCD355D90F}.Debug|iPhone.ActiveCfg = Debug|Any CPU
		{C5D46DEB-E5EE-4734-B550-76BCD355D90F}.Debug|iPhone.Build.0 = Debug|Any CPU
		{C5D46DEB-E5EE-4734-B550-76BCD355D90F}.Debug|iPhone.Deploy.0 = Debug|Any CPU
		{C5D46DEB-E5EE-4734-B550-76BCD355D90F}.Debug|iPhoneSimulator.ActiveCfg = Debug|Any CPU
		{C5D46DEB-E5EE-4734-B550-76BCD355D90F}.Debug|iPhoneSimulator.Build.0 = Debug|Any CPU
		{C5D46DEB-E5EE-4734-B550-76BCD355D90F}.Debug|iPhoneSimulator.Deploy.0 = Debug|Any CPU
		{C5D46DEB-E5EE-4734-B550-76BCD355D90F}.Release|Any CPU.ActiveCfg = Release|Any CPU
		{C5D46DEB-E5EE-4734-B550-76BCD355D90F}.Release|Any CPU.Build.0 = Release|Any CPU
		{C5D46DEB-E5EE-4734-B550-76BCD355D90F}.Release|Any CPU.Deploy.0 = Release|Any CPU
		{C5D46DEB-E5EE-4734-B550-76BCD355D90F}.Release|iPhone.ActiveCfg = Release|Any CPU
		{C5D46DEB-E5EE-4734-B550-76BCD355D90F}.Release|iPhone.Build.0 = Release|Any CPU
		{C5D46DEB-E5EE-4734-B550-76BCD355D90F}.Release|iPhone.Deploy.0 = Release|Any CPU
		{C5D46DEB-E5EE-4734-B550-76BCD355D90F}.Release|iPhoneSimulator.ActiveCfg = Release|Any CPU
		{C5D46DEB-E5EE-4734-B550-76BCD355D90F}.Release|iPhoneSimulator.Build.0 = Release|Any CPU
		{C5D46DEB-E5EE-4734-B550-76BCD355D90F}.Release|iPhoneSimulator.Deploy.0 = Release|Any CPU
	EndGlobalSection
	GlobalSection(SolutionProperties) = preSolution
		HideSolutionNode = FALSE
	EndGlobalSection
	GlobalSection(ExtensibilityGlobals) = postSolution
		SolutionGuid = {190999F8-DE45-4B10-B6EC-2497A81078CC}
	EndGlobalSection
EndGlobal
